
Microsoft Visual Studio Solution File, Format Version 12.00
# Visual Studio Version 16
VisualStudioVersion = 16.0.29324.140
MinimumVisualStudioVersion = 10.0.40219.1
Project("{FAE04EC0-301F-11D3-BF4B-00C04F79EFBC}") = "MazeGenerator", "MazeGenerator\MazeGenerator.csproj", "{B9BF9544-272A-4A1E-857E-AEC7EA638A2A}"
EndProject
Project("{9A19103F-16F7-4668-BE54-9A1E7A4F7556}") = "WebApi", "WebApi\WebApi.csproj", "{625BE4B0-6542-4BD0-9117-9FD91D378372}"
EndProject
Project("{9A19103F-16F7-4668-BE54-9A1E7A4F7556}") = "Entities", "Entity\Entities.csproj", "{C7E77C8C-CD48-442C-9F8A-F91BB2252976}"
EndProject
Project("{9A19103F-16F7-4668-BE54-9A1E7A4F7556}") = "Common", "Common\Common.csproj", "{48BF2E64-B700-4938-BDDB-ACE5CF0183A0}"
EndProject
Project("{E24C65DC-7377-472B-9ABA-BC803B73C61A}") = "WebClient", "WebClient\", "{B93D268A-CD02-45EA-ABA6-EECDB5DFB244}"
	ProjectSection(WebsiteProperties) = preProject
		TargetFrameworkMoniker = ".NETFramework,Version%3Dv4.0"
		Debug.AspNetCompiler.VirtualPath = "/localhost_58819"
		Debug.AspNetCompiler.PhysicalPath = "WebClient\"
		Debug.AspNetCompiler.TargetPath = "PrecompiledWeb\localhost_58819\"
		Debug.AspNetCompiler.Updateable = "true"
		Debug.AspNetCompiler.ForceOverwrite = "true"
		Debug.AspNetCompiler.FixedNames = "false"
		Debug.AspNetCompiler.Debug = "True"
		Release.AspNetCompiler.VirtualPath = "/localhost_58819"
		Release.AspNetCompiler.PhysicalPath = "WebClient\"
		Release.AspNetCompiler.TargetPath = "PrecompiledWeb\localhost_58819\"
		Release.AspNetCompiler.Updateable = "true"
		Release.AspNetCompiler.ForceOverwrite = "true"
		Release.AspNetCompiler.FixedNames = "false"
		Release.AspNetCompiler.Debug = "False"
		VWDPort = "58819"
		SlnRelativePath = "WebClient\"
	EndProjectSection
EndProject
Global
	GlobalSection(SolutionConfigurationPlatforms) = preSolution
		Debug|Any CPU = Debug|Any CPU
		Release|Any CPU = Release|Any CPU
	EndGlobalSection
	GlobalSection(ProjectConfigurationPlatforms) = postSolution
		{B9BF9544-272A-4A1E-857E-AEC7EA638A2A}.Debug|Any CPU.ActiveCfg = Debug|Any CPU
		{B9BF9544-272A-4A1E-857E-AEC7EA638A2A}.Debug|Any CPU.Build.0 = Debug|Any CPU
		{B9BF9544-272A-4A1E-857E-AEC7EA638A2A}.Release|Any CPU.ActiveCfg = Release|Any CPU
		{B9BF9544-272A-4A1E-857E-AEC7EA638A2A}.Release|Any CPU.Build.0 = Release|Any CPU
		{625BE4B0-6542-4BD0-9117-9FD91D378372}.Debug|Any CPU.ActiveCfg = Debug|Any CPU
		{625BE4B0-6542-4BD0-9117-9FD91D378372}.Debug|Any CPU.Build.0 = Debug|Any CPU
		{625BE4B0-6542-4BD0-9117-9FD91D378372}.Release|Any CPU.ActiveCfg = Release|Any CPU
		{625BE4B0-6542-4BD0-9117-9FD91D378372}.Release|Any CPU.Build.0 = Release|Any CPU
		{C7E77C8C-CD48-442C-9F8A-F91BB2252976}.Debug|Any CPU.ActiveCfg = Debug|Any CPU
		{C7E77C8C-CD48-442C-9F8A-F91BB2252976}.Debug|Any CPU.Build.0 = Debug|Any CPU
		{C7E77C8C-CD48-442C-9F8A-F91BB2252976}.Release|Any CPU.ActiveCfg = Release|Any CPU
		{C7E77C8C-CD48-442C-9F8A-F91BB2252976}.Release|Any CPU.Build.0 = Release|Any CPU
		{48BF2E64-B700-4938-BDDB-ACE5CF0183A0}.Debug|Any CPU.ActiveCfg = Debug|Any CPU
		{48BF2E64-B700-4938-BDDB-ACE5CF0183A0}.Debug|Any CPU.Build.0 = Debug|Any CPU
		{48BF2E64-B700-4938-BDDB-ACE5CF0183A0}.Release|Any CPU.ActiveCfg = Release|Any CPU
		{48BF2E64-B700-4938-BDDB-ACE5CF0183A0}.Release|Any CPU.Build.0 = Release|Any CPU
		{B93D268A-CD02-45EA-ABA6-EECDB5DFB244}.Debug|Any CPU.ActiveCfg = Debug|Any CPU
		{B93D268A-CD02-45EA-ABA6-EECDB5DFB244}.Debug|Any CPU.Build.0 = Debug|Any CPU
		{B93D268A-CD02-45EA-ABA6-EECDB5DFB244}.Release|Any CPU.ActiveCfg = Debug|Any CPU
		{B93D268A-CD02-45EA-ABA6-EECDB5DFB244}.Release|Any CPU.Build.0 = Debug|Any CPU
	EndGlobalSection
	GlobalSection(SolutionProperties) = preSolution
		HideSolutionNode = FALSE
	EndGlobalSection
	GlobalSection(ExtensibilityGlobals) = postSolution
		SolutionGuid = {4081D99E-142E-4269-B419-87E44353AC22}
	EndGlobalSection
EndGlobal
